
Microsoft Visual Studio Solution File, Format Version 12.00
# Visual Studio Version 16
VisualStudioVersion = 16.0.30011.22
MinimumVisualStudioVersion = 10.0.40219.1
Project("{F184B08F-C81C-45F6-A57F-5ABD9991F28F}") = "DemoWeek2_Thursday", "DemoWeek2_Thursday.vbproj", "{1B495ADA-B9B4-4C2B-90D8-A1D74BE3566C}"
EndProject
Global
	GlobalSection(SolutionConfigurationPlatforms) = preSolution
		Debug|Any CPU = Debug|Any CPU
		Release|Any CPU = Release|Any CPU
	EndGlobalSection
	GlobalSection(ProjectConfigurationPlatforms) = postSolution
		{1B495ADA-B9B4-4C2B-90D8-A1D74BE3566C}.Debug|Any CPU.ActiveCfg = Debug|Any CPU
		{1B495ADA-B9B4-4C2B-90D8-A1D74BE3566C}.Debug|Any CPU.Build.0 = Debug|Any CPU
		{1B495ADA-B9B4-4C2B-90D8-A1D74BE3566C}.Release|Any CPU.ActiveCfg = Release|Any CPU
		{1B495ADA-B9B4-4C2B-90D8-A1D74BE3566C}.Release|Any CPU.Build.0 = Release|Any CPU
	EndGlobalSection
	GlobalSection(SolutionProperties) = preSolution
		HideSolutionNode = FALSE
	EndGlobalSection
	GlobalSection(ExtensibilityGlobals) = postSolution
		SolutionGuid = {0480C319-6B46-433A-B60A-B593739EC188}
	EndGlobalSection
EndGlobal
