
Microsoft Visual Studio Solution File, Format Version 12.00
# Visual Studio Version 16
VisualStudioVersion = 16.0.30320.27
MinimumVisualStudioVersion = 10.0.40219.1
Project("{F184B08F-C81C-45F6-A57F-5ABD9991F28F}") = "Ex7_3_10", "Ex7_3_10.vbproj", "{003E8617-FB2D-49EA-A4FB-B9470319982F}"
EndProject
Global
	GlobalSection(SolutionConfigurationPlatforms) = preSolution
		Debug|Any CPU = Debug|Any CPU
		Release|Any CPU = Release|Any CPU
	EndGlobalSection
	GlobalSection(ProjectConfigurationPlatforms) = postSolution
		{003E8617-FB2D-49EA-A4FB-B9470319982F}.Debug|Any CPU.ActiveCfg = Debug|Any CPU
		{003E8617-FB2D-49EA-A4FB-B9470319982F}.Debug|Any CPU.Build.0 = Debug|Any CPU
		{003E8617-FB2D-49EA-A4FB-B9470319982F}.Release|Any CPU.ActiveCfg = Release|Any CPU
		{003E8617-FB2D-49EA-A4FB-B9470319982F}.Release|Any CPU.Build.0 = Release|Any CPU
	EndGlobalSection
	GlobalSection(SolutionProperties) = preSolution
		HideSolutionNode = FALSE
	EndGlobalSection
	GlobalSection(ExtensibilityGlobals) = postSolution
		SolutionGuid = {42B868C3-A782-4725-AC8D-1588338AC566}
	EndGlobalSection
EndGlobal
