
Microsoft Visual Studio Solution File, Format Version 12.00
# Visual Studio Version 16
VisualStudioVersion = 16.0.30320.27
MinimumVisualStudioVersion = 10.0.40219.1
Project("{F184B08F-C81C-45F6-A57F-5ABD9991F28F}") = "Ex7_2_1", "Ex7_2_1.vbproj", "{DCDF3E0D-354E-446F-8DDD-26FFACF02F4E}"
EndProject
Global
	GlobalSection(SolutionConfigurationPlatforms) = preSolution
		Debug|Any CPU = Debug|Any CPU
		Release|Any CPU = Release|Any CPU
	EndGlobalSection
	GlobalSection(ProjectConfigurationPlatforms) = postSolution
		{DCDF3E0D-354E-446F-8DDD-26FFACF02F4E}.Debug|Any CPU.ActiveCfg = Debug|Any CPU
		{DCDF3E0D-354E-446F-8DDD-26FFACF02F4E}.Debug|Any CPU.Build.0 = Debug|Any CPU
		{DCDF3E0D-354E-446F-8DDD-26FFACF02F4E}.Release|Any CPU.ActiveCfg = Release|Any CPU
		{DCDF3E0D-354E-446F-8DDD-26FFACF02F4E}.Release|Any CPU.Build.0 = Release|Any CPU
	EndGlobalSection
	GlobalSection(SolutionProperties) = preSolution
		HideSolutionNode = FALSE
	EndGlobalSection
	GlobalSection(ExtensibilityGlobals) = postSolution
		SolutionGuid = {FB3AEA9C-C9C6-4845-B811-CCEDD9EF3040}
	EndGlobalSection
EndGlobal
